
Microsoft Visual Studio Solution File, Format Version 12.00
# Visual Studio 15
VisualStudioVersion = 15.0.27703.2035
MinimumVisualStudioVersion = 10.0.40219.1
Project("{FAE04EC0-301F-11D3-BF4B-00C04F79EFBC}") = "Ray_Ketcham_CST-117_Milestone_2", "Ray_Ketcham_CST-117_Milestone_2\Ray_Ketcham_CST-117_Milestone_2.csproj", "{5A740B67-9299-4FB8-AC31-2F5F51FD2299}"
EndProject
Global
	GlobalSection(SolutionConfigurationPlatforms) = preSolution
		Debug|Any CPU = Debug|Any CPU
		Release|Any CPU = Release|Any CPU
	EndGlobalSection
	GlobalSection(ProjectConfigurationPlatforms) = postSolution
		{5A740B67-9299-4FB8-AC31-2F5F51FD2299}.Debug|Any CPU.ActiveCfg = Debug|Any CPU
		{5A740B67-9299-4FB8-AC31-2F5F51FD2299}.Debug|Any CPU.Build.0 = Debug|Any CPU
		{5A740B67-9299-4FB8-AC31-2F5F51FD2299}.Release|Any CPU.ActiveCfg = Release|Any CPU
		{5A740B67-9299-4FB8-AC31-2F5F51FD2299}.Release|Any CPU.Build.0 = Release|Any CPU
	EndGlobalSection
	GlobalSection(SolutionProperties) = preSolution
		HideSolutionNode = FALSE
	EndGlobalSection
	GlobalSection(ExtensibilityGlobals) = postSolution
		SolutionGuid = {A0E2B66F-15B8-4CEA-8434-3185CD8D3A62}
	EndGlobalSection
EndGlobal
